
Microsoft Visual Studio Solution File, Format Version 12.00
# Visual Studio Version 16
VisualStudioVersion = 16.0.30611.23
MinimumVisualStudioVersion = 10.0.40219.1
Project("{FAE04EC0-301F-11D3-BF4B-00C04F79EFBC}") = "Cyborg", "Cyborg\Cyborg.csproj", "{12B5CFEF-2566-460B-BED5-6603EF665308}"
EndProject
Project("{FAE04EC0-301F-11D3-BF4B-00C04F79EFBC}") = "CyborgGH", "CyborgGH\CyborgGH.csproj", "{86EF72F4-1BC3-46C2-8628-D7A2E8D11C13}"
EndProject
Global
	GlobalSection(SolutionConfigurationPlatforms) = preSolution
		Debug|Any CPU = Debug|Any CPU
		GrasshopperDebug|Any CPU = GrasshopperDebug|Any CPU
		Release|Any CPU = Release|Any CPU
	EndGlobalSection
	GlobalSection(ProjectConfigurationPlatforms) = postSolution
		{12B5CFEF-2566-460B-BED5-6603EF665308}.Debug|Any CPU.ActiveCfg = Debug|Any CPU
		{12B5CFEF-2566-460B-BED5-6603EF665308}.Debug|Any CPU.Build.0 = Debug|Any CPU
		{12B5CFEF-2566-460B-BED5-6603EF665308}.GrasshopperDebug|Any CPU.ActiveCfg = GrasshopperDebug|Any CPU
		{12B5CFEF-2566-460B-BED5-6603EF665308}.GrasshopperDebug|Any CPU.Build.0 = GrasshopperDebug|Any CPU
		{12B5CFEF-2566-460B-BED5-6603EF665308}.Release|Any CPU.ActiveCfg = Release|Any CPU
		{12B5CFEF-2566-460B-BED5-6603EF665308}.Release|Any CPU.Build.0 = Release|Any CPU
		{86EF72F4-1BC3-46C2-8628-D7A2E8D11C13}.Debug|Any CPU.ActiveCfg = Debug|Any CPU
		{86EF72F4-1BC3-46C2-8628-D7A2E8D11C13}.Debug|Any CPU.Build.0 = Debug|Any CPU
		{86EF72F4-1BC3-46C2-8628-D7A2E8D11C13}.GrasshopperDebug|Any CPU.ActiveCfg = GrasshopperDebug|Any CPU
		{86EF72F4-1BC3-46C2-8628-D7A2E8D11C13}.GrasshopperDebug|Any CPU.Build.0 = GrasshopperDebug|Any CPU
		{86EF72F4-1BC3-46C2-8628-D7A2E8D11C13}.Release|Any CPU.ActiveCfg = Release|Any CPU
		{86EF72F4-1BC3-46C2-8628-D7A2E8D11C13}.Release|Any CPU.Build.0 = Release|Any CPU
	EndGlobalSection
	GlobalSection(SolutionProperties) = preSolution
		HideSolutionNode = FALSE
	EndGlobalSection
	GlobalSection(ExtensibilityGlobals) = postSolution
		SolutionGuid = {EE1D30FA-46E7-454A-9079-F5EFF82AC6A2}
	EndGlobalSection
EndGlobal
